
Microsoft Visual Studio Solution File, Format Version 12.00
# Visual Studio Version 17
VisualStudioVersion = 17.7.34031.279
MinimumVisualStudioVersion = 10.0.40219.1
Project("{FAE04EC0-301F-11D3-BF4B-00C04F79EFBC}") = "HouseBuilderPrototypeApp", "HouseBuilderPrototypeApp\HouseBuilderPrototypeApp.csproj", "{EA92A0F2-F7D5-481B-9DEF-66277C770B58}"
EndProject
Global
	GlobalSection(SolutionConfigurationPlatforms) = preSolution
		Debug|Any CPU = Debug|Any CPU
		Release|Any CPU = Release|Any CPU
	EndGlobalSection
	GlobalSection(ProjectConfigurationPlatforms) = postSolution
		{EA92A0F2-F7D5-481B-9DEF-66277C770B58}.Debug|Any CPU.ActiveCfg = Debug|Any CPU
		{EA92A0F2-F7D5-481B-9DEF-66277C770B58}.Debug|Any CPU.Build.0 = Debug|Any CPU
		{EA92A0F2-F7D5-481B-9DEF-66277C770B58}.Release|Any CPU.ActiveCfg = Release|Any CPU
		{EA92A0F2-F7D5-481B-9DEF-66277C770B58}.Release|Any CPU.Build.0 = Release|Any CPU
	EndGlobalSection
	GlobalSection(SolutionProperties) = preSolution
		HideSolutionNode = FALSE
	EndGlobalSection
	GlobalSection(ExtensibilityGlobals) = postSolution
		SolutionGuid = {0524CE4A-F918-451B-8F0E-0B2D6C4AA0B6}
	EndGlobalSection
EndGlobal
